PODS:
  - ConfigureId (0.0.4)

DEPENDENCIES:
  - ConfigureId (from `../ConfigureId.podspec`)

EXTERNAL SOURCES:
  ConfigureId:
    :path: "../ConfigureId.podspec"

SPEC CHECKSUMS:
  ConfigureId: 2c78c43a7e627abac17f12a781dc160c6dcbf4fa

PODFILE CHECKSUM: e961853f19ce784b2c43f7930ca2aef0e00cf744

COCOAPODS: 1.11.3
