PODS:
  - ConfigureId (0.0.3)

DEPENDENCIES:
  - ConfigureId (from `../ConfigureId.podspec`)

EXTERNAL SOURCES:
  ConfigureId:
    :path: "../ConfigureId.podspec"

SPEC CHECKSUMS:
  ConfigureId: 8ce0f99e93c22ca56e8c233a7d029110a0c1a567

PODFILE CHECKSUM: e961853f19ce784b2c43f7930ca2aef0e00cf744

COCOAPODS: 1.11.3
