PODS:
  - ConfigureId (1.0.0)

DEPENDENCIES:
  - ConfigureId (from `../ConfigureId.podspec`)

EXTERNAL SOURCES:
  ConfigureId:
    :path: "../ConfigureId.podspec"

SPEC CHECKSUMS:
  ConfigureId: e6d5ae231c898d1155aaba858f8e8818edeb74f0

PODFILE CHECKSUM: e961853f19ce784b2c43f7930ca2aef0e00cf744

COCOAPODS: 1.11.3
